
Microsoft Visual Studio Solution File, Format Version 12.00
# Visual Studio Version 16
VisualStudioVersion = 16.0.31205.134
MinimumVisualStudioVersion = 10.0.40219.1
Project("{9A19103F-16F7-4668-BE54-9A1E7A4F7556}") = "BeekeepingStore", "BeekeepingStore.csproj", "{88746CFB-A81C-47D2-A68C-5478358E79B6}"
EndProject
Global
	GlobalSection(SolutionConfigurationPlatforms) = preSolution
		Debug|Any CPU = Debug|Any CPU
		Release|Any CPU = Release|Any CPU
	EndGlobalSection
	GlobalSection(ProjectConfigurationPlatforms) = postSolution
		{88746CFB-A81C-47D2-A68C-5478358E79B6}.Debug|Any CPU.ActiveCfg = Debug|Any CPU
		{88746CFB-A81C-47D2-A68C-5478358E79B6}.Debug|Any CPU.Build.0 = Debug|Any CPU
		{88746CFB-A81C-47D2-A68C-5478358E79B6}.Release|Any CPU.ActiveCfg = Debug|Any CPU
		{88746CFB-A81C-47D2-A68C-5478358E79B6}.Release|Any CPU.Build.0 = Debug|Any CPU
	EndGlobalSection
	GlobalSection(SolutionProperties) = preSolution
		HideSolutionNode = FALSE
	EndGlobalSection
	GlobalSection(ExtensibilityGlobals) = postSolution
		SolutionGuid = {AA3F798E-411F-4ED0-953A-FAA6542AACFD}
	EndGlobalSection
EndGlobal
